
Microsoft Visual Studio Solution File, Format Version 12.00
# Visual Studio Version 16
VisualStudioVersion = 16.0.31321.278
MinimumVisualStudioVersion = 10.0.40219.1
Project("{888888A0-9F3D-457C-B088-3A5042F75D52}") = "WinePredict_Classification_Regression_tree", "WinePredict_Classification_Regression_tree\WinePredict_Classification_Regression_tree.pyproj", "{5CF593C1-9366-4FEB-BDC1-53A31082860B}"
EndProject
Global
	GlobalSection(SolutionConfigurationPlatforms) = preSolution
		Debug|Any CPU = Debug|Any CPU
		Release|Any CPU = Release|Any CPU
	EndGlobalSection
	GlobalSection(ProjectConfigurationPlatforms) = postSolution
		{5CF593C1-9366-4FEB-BDC1-53A31082860B}.Debug|Any CPU.ActiveCfg = Debug|Any CPU
		{5CF593C1-9366-4FEB-BDC1-53A31082860B}.Release|Any CPU.ActiveCfg = Release|Any CPU
	EndGlobalSection
	GlobalSection(SolutionProperties) = preSolution
		HideSolutionNode = FALSE
	EndGlobalSection
	GlobalSection(ExtensibilityGlobals) = postSolution
		SolutionGuid = {3B153A34-BE50-4381-9853-D733FAC1504B}
	EndGlobalSection
EndGlobal
